
Microsoft Visual Studio Solution File, Format Version 12.00
# Visual Studio Version 16
VisualStudioVersion = 16.0.31205.134
MinimumVisualStudioVersion = 10.0.40219.1
Project("{9A19103F-16F7-4668-BE54-9A1E7A4F7556}") = "Data", "Data\Data.csproj", "{B62E48D5-DF4C-40E3-9F4D-15DECECBB6D1}"
EndProject
Project("{9A19103F-16F7-4668-BE54-9A1E7A4F7556}") = "Entities", "Entities\Entities.csproj", "{86622FED-E3D1-44FF-A2DC-4B0B12901ED4}"
EndProject
Project("{9A19103F-16F7-4668-BE54-9A1E7A4F7556}") = "Domain", "Domain\Domain.csproj", "{7ED2B95A-1528-427E-A523-A970610BF743}"
EndProject
Project("{9A19103F-16F7-4668-BE54-9A1E7A4F7556}") = "Services", "Services\Services.csproj", "{79CCDF98-66BE-4FE2-A523-D0F0D6C12C4E}"
EndProject
Project("{9A19103F-16F7-4668-BE54-9A1E7A4F7556}") = "Mappers", "Mappers\Mappers.csproj", "{6073E233-ACE2-4A25-92BE-EA9918742CF8}"
EndProject
Project("{9A19103F-16F7-4668-BE54-9A1E7A4F7556}") = "API", "API\API.csproj", "{381C8B8D-6B5E-49B3-B032-6FAEEAB0CD42}"
EndProject
Project("{9A19103F-16F7-4668-BE54-9A1E7A4F7556}") = "Models", "Models\Models.csproj", "{16B06B0F-E910-44E7-86A4-E368C642B720}"
EndProject
Project("{2150E333-8FDC-42A3-9474-1A3956D46DE8}") = "Presentation", "Presentation", "{21165BD5-0ED3-40E3-8E2A-11EC5BF8ACD0}"
EndProject
Project("{2150E333-8FDC-42A3-9474-1A3956D46DE8}") = "BusinessLogic", "BusinessLogic", "{D184822C-D3A3-45B4-A9F8-74793D0A3668}"
EndProject
Project("{2150E333-8FDC-42A3-9474-1A3956D46DE8}") = "DataAccess", "DataAccess", "{1356F0F8-9CC9-466E-A65B-FF470C9D7603}"
EndProject
Project("{FAE04EC0-301F-11D3-BF4B-00C04F79EFBC}") = "EntityFramework", "EntityFramework\EntityFramework.csproj", "{2EA77739-2D7D-40C3-A3C5-23D6E9C61E72}"
EndProject
Global
	GlobalSection(SolutionConfigurationPlatforms) = preSolution
		Debug|Any CPU = Debug|Any CPU
		Release|Any CPU = Release|Any CPU
	EndGlobalSection
	GlobalSection(ProjectConfigurationPlatforms) = postSolution
		{B62E48D5-DF4C-40E3-9F4D-15DECECBB6D1}.Debug|Any CPU.ActiveCfg = Debug|Any CPU
		{B62E48D5-DF4C-40E3-9F4D-15DECECBB6D1}.Debug|Any CPU.Build.0 = Debug|Any CPU
		{B62E48D5-DF4C-40E3-9F4D-15DECECBB6D1}.Release|Any CPU.ActiveCfg = Release|Any CPU
		{B62E48D5-DF4C-40E3-9F4D-15DECECBB6D1}.Release|Any CPU.Build.0 = Release|Any CPU
		{86622FED-E3D1-44FF-A2DC-4B0B12901ED4}.Debug|Any CPU.ActiveCfg = Debug|Any CPU
		{86622FED-E3D1-44FF-A2DC-4B0B12901ED4}.Debug|Any CPU.Build.0 = Debug|Any CPU
		{86622FED-E3D1-44FF-A2DC-4B0B12901ED4}.Release|Any CPU.ActiveCfg = Release|Any CPU
		{86622FED-E3D1-44FF-A2DC-4B0B12901ED4}.Release|Any CPU.Build.0 = Release|Any CPU
		{7ED2B95A-1528-427E-A523-A970610BF743}.Debug|Any CPU.ActiveCfg = Debug|Any CPU
		{7ED2B95A-1528-427E-A523-A970610BF743}.Debug|Any CPU.Build.0 = Debug|Any CPU
		{7ED2B95A-1528-427E-A523-A970610BF743}.Release|Any CPU.ActiveCfg = Release|Any CPU
		{7ED2B95A-1528-427E-A523-A970610BF743}.Release|Any CPU.Build.0 = Release|Any CPU
		{79CCDF98-66BE-4FE2-A523-D0F0D6C12C4E}.Debug|Any CPU.ActiveCfg = Debug|Any CPU
		{79CCDF98-66BE-4FE2-A523-D0F0D6C12C4E}.Debug|Any CPU.Build.0 = Debug|Any CPU
		{79CCDF98-66BE-4FE2-A523-D0F0D6C12C4E}.Release|Any CPU.ActiveCfg = Release|Any CPU
		{79CCDF98-66BE-4FE2-A523-D0F0D6C12C4E}.Release|Any CPU.Build.0 = Release|Any CPU
		{6073E233-ACE2-4A25-92BE-EA9918742CF8}.Debug|Any CPU.ActiveCfg = Debug|Any CPU
		{6073E233-ACE2-4A25-92BE-EA9918742CF8}.Debug|Any CPU.Build.0 = Debug|Any CPU
		{6073E233-ACE2-4A25-92BE-EA9918742CF8}.Release|Any CPU.ActiveCfg = Release|Any CPU
		{6073E233-ACE2-4A25-92BE-EA9918742CF8}.Release|Any CPU.Build.0 = Release|Any CPU
		{381C8B8D-6B5E-49B3-B032-6FAEEAB0CD42}.Debug|Any CPU.ActiveCfg = Debug|Any CPU
		{381C8B8D-6B5E-49B3-B032-6FAEEAB0CD42}.Debug|Any CPU.Build.0 = Debug|Any CPU
		{381C8B8D-6B5E-49B3-B032-6FAEEAB0CD42}.Release|Any CPU.ActiveCfg = Release|Any CPU
		{381C8B8D-6B5E-49B3-B032-6FAEEAB0CD42}.Release|Any CPU.Build.0 = Release|Any CPU
		{16B06B0F-E910-44E7-86A4-E368C642B720}.Debug|Any CPU.ActiveCfg = Debug|Any CPU
		{16B06B0F-E910-44E7-86A4-E368C642B720}.Debug|Any CPU.Build.0 = Debug|Any CPU
		{16B06B0F-E910-44E7-86A4-E368C642B720}.Release|Any CPU.ActiveCfg = Release|Any CPU
		{16B06B0F-E910-44E7-86A4-E368C642B720}.Release|Any CPU.Build.0 = Release|Any CPU
		{2EA77739-2D7D-40C3-A3C5-23D6E9C61E72}.Debug|Any CPU.ActiveCfg = Debug|Any CPU
		{2EA77739-2D7D-40C3-A3C5-23D6E9C61E72}.Debug|Any CPU.Build.0 = Debug|Any CPU
		{2EA77739-2D7D-40C3-A3C5-23D6E9C61E72}.Release|Any CPU.ActiveCfg = Release|Any CPU
		{2EA77739-2D7D-40C3-A3C5-23D6E9C61E72}.Release|Any CPU.Build.0 = Release|Any CPU
	EndGlobalSection
	GlobalSection(SolutionProperties) = preSolution
		HideSolutionNode = FALSE
	EndGlobalSection
	GlobalSection(NestedProjects) = preSolution
		{B62E48D5-DF4C-40E3-9F4D-15DECECBB6D1} = {1356F0F8-9CC9-466E-A65B-FF470C9D7603}
		{86622FED-E3D1-44FF-A2DC-4B0B12901ED4} = {1356F0F8-9CC9-466E-A65B-FF470C9D7603}
		{7ED2B95A-1528-427E-A523-A970610BF743} = {D184822C-D3A3-45B4-A9F8-74793D0A3668}
		{79CCDF98-66BE-4FE2-A523-D0F0D6C12C4E} = {D184822C-D3A3-45B4-A9F8-74793D0A3668}
		{381C8B8D-6B5E-49B3-B032-6FAEEAB0CD42} = {21165BD5-0ED3-40E3-8E2A-11EC5BF8ACD0}
		{16B06B0F-E910-44E7-86A4-E368C642B720} = {21165BD5-0ED3-40E3-8E2A-11EC5BF8ACD0}
		{2EA77739-2D7D-40C3-A3C5-23D6E9C61E72} = {1356F0F8-9CC9-466E-A65B-FF470C9D7603}
	EndGlobalSection
	GlobalSection(ExtensibilityGlobals) = postSolution
		SolutionGuid = {1641C167-EEF2-482D-810B-01CE4368FABE}
	EndGlobalSection
EndGlobal
